version = 1
revision = 3
requires-python = "==3.13.*"

[[package]]
name = "lenz-briefe-transform-python"
version = "0.1.0"
source = { editable = "." }
dependencies = [
    { name = "lxml" },
    { name = "saxonche" },
]

[package.metadata]
requires-dist = [
    { name = "lxml", specifier = ">=5.3.0" },
    { name = "saxonche", specifier = ">=12.5.0" },
]

[[package]]
name = "lxml"
version = "6.1.1"
source = { registry = "https://pypi.org/simple" }
sdist = { url = "https://files.pythonhosted.org/packages/05/3b/aab6728cae887456f409b4d75e8a01856e4f04bd510de38052a47768b680/lxml-6.1.1.tar.gz", hash = "sha256:ba96ae44888e0185281e937633a743ea90d5a196c6000f82565ebb0580012d40", size = 4197430, upload-time = "2026-05-18T19:19:06.424Z" }
wheels = [
    { url = "https://files.pythonhosted.org/packages/a5/eb/7e6f37c5584ccbb2ff267f56fd0339016938c1c8684cfefab9b33ffc2f36/lxml-6.1.1-cp313-cp313-macosx_10_13_universal2.whl", hash = "sha256:68a9198d0fc122d14bb76837de9aa80cf84caed990b5b237f532ed87d3706736", size = 8559780, upload-time = "2026-05-18T19:17:57.661Z" },
    { url = "https://files.pythonhosted.org/packages/a1/36/587c2521cf23a2cd6c9c22108aa7528f683a1f195ed7ccd23a4b1786ad36/lxml-6.1.1-cp313-cp313-macosx_10_13_x86_64.whl", hash = "sha256:7d47866cb32fb503450b6edc9df355d10dc49836af2e89901bd6ac6b0896d9d9", size = 4618006, upload-time = "2026-05-18T19:18:04.452Z" },
    { url = "https://files.pythonhosted.org/packages/6e/ca/ab7bfe2bf4c972af5e7878262845ead3a24a929a9b04bc11c7c1ece6c82a/lxml-6.1.1-cp313-cp313-manylinux2014_aarch64.manylinux_2_17_aarch64.whl", hash = "sha256:eb7c9811bfaa8b1ed5ed319f5d370dfbcaa59d52ea64be2a5a85e18195930354", size = 4924139, upload-time = "2026-05-18T19:19:04.873Z" },
    { url = "https://files.pythonhosted.org/packages/6b/55/a0c72851dfee5ecc689f949723a73dea457758912542cb955b108eaf0d8f/lxml-6.1.1-cp313-cp313-manylinux2014_x86_64.manylinux_2_17_x86_64.whl", hash = "sha256:762ff394d5bd56da0cf034a23dcce4e13923f15321a2adfa2ac00201dc6d3fca", size = 5082329, upload-time = "2026-05-18T19:19:09.728Z" },
    { url = "https://files.pythonhosted.org/packages/f0/b6/0608f7d61a3b96cc67e5648a3d906e31a5082093e10e7be65b3886289938/lxml-6.1.1-cp313-cp313-manylinux_2_26_aarch64.manylinux_2_28_aarch64.whl", hash = "sha256:a088f287f7d8275a33c07f2cac6c50b9319309a0200a39e7e75d80c707723099", size = 4993564, upload-time = "2026-05-18T19:19:13.608Z" },
    { url = "https://files.pythonhosted.org/packages/4c/66/ae227524b066d29d55bf0b453d93d2d793c40218657d643dcbbca13b8faf/lxml-6.1.1-cp313-cp313-manylinux_2_26_ppc64le.manylinux_2_28_ppc64le.whl", hash = "sha256:e902da4b04e6b52e5893900d4b8ab46068f75f3561f01bf1080957f9fd932ed6", size = 5613467, upload-time = "2026-05-18T19:19:16.228Z" },
    { url = "https://files.pythonhosted.org/packages/a6/76/dbe4a00b50385e40194231dcfe5a12c059de7cf90e89c83407d2b085b719/lxml-6.1.1-cp313-cp313-manylinux_2_26_x86_64.manylinux_2_28_x86_64.whl", hash = "sha256:1d4962d4c66bf830a7e59ed6cfc17d148149898a3aefa8ec6e59763e6e3ed085", size = 5228304, upload-time = "2026-05-18T19:19:19.354Z" },
    { url = "https://files.pythonhosted.org/packages/1c/01/00b1b8442ed2041793336868ba0b9ea4b13d7da7c085c6404c207a63bf79/lxml-6.1.1-cp313-cp313-manylinux_2_28_i686.whl", hash = "sha256:581d4c8ae690a6609e64862dd6b7c2489635c2d13907fc2b20f2bc200ff1d21e", size = 5341607, upload-time = "2026-05-18T19:19:22.297Z" },
    { url = "https://files.pythonhosted.org/packages/63/36/1ad29931e9a4638bb707869f01d423a6c815f82152138d1a40dfcfde2b95/lxml-6.1.1-cp313-cp313-manylinux_2_31_armv7l.whl", hash = "sha256:876e1ff5930ed8bf295ec5ef9a8155e9b6b1876bbf1deed8b3a8069311875a8f", size = 4700168, upload-time = "2026-05-18T19:19:25.133Z" },
    { url = "https://files.pythonhosted.org/packages/3c/d1/a9536cecf9be18a0dc72d32bead283a2332d1ffebd2dd3ac70ce444686e5/lxml-6.1.1-cp313-cp313-manylinux_2_38_riscv64.manylinux_2_39_riscv64.whl", hash = "sha256:9eb9b5a968f6e0f6d640092a567e14529ff8cea2e29d00da6f78a79fa49f013c", size = 5232487, upload-time = "2026-05-18T19:19:28.603Z" },
    { url = "https://files.pythonhosted.org/packages/0e/77/b4fb1e03bf5d130e879214d3100092e386418807fb74dd0adc4b0a48f351/lxml-6.1.1-cp313-cp313-musllinux_1_2_aarch64.whl", hash = "sha256:aa49e06d94aba782c6a02eecb7e507969e7e7a41b267f1b359bb35585f295d5b", size = 5044231, upload-time = "2026-05-18T19:18:42.246Z" },
    { url = "https://files.pythonhosted.org/packages/26/4c/d00daeeb0a5530c4028a9232aa1b93db3ef4ed2158c116ea73c79a9765b3/lxml-6.1.1-cp313-cp313-musllinux_1_2_armv7l.whl", hash = "sha256:70cdfd80589d59e43e18005dd7244e8895e93db8ab6a620b7e23df5445a4e3d2", size = 4769450, upload-time = "2026-05-18T19:18:48.013Z" },
    { url = "https://files.pythonhosted.org/packages/ed/6a/715a3a8d156ce42f29cf014706f5410c2ff3b02267774110fc23266409fe/lxml-6.1.1-cp313-cp313-musllinux_1_2_ppc64le.whl", hash = "sha256:aad9aa39483ed8ec44d6d2e59e5b98a0d80676ef0d92f44bfc374836111f62f5", size = 5635874, upload-time = "2026-05-18T19:18:51.914Z" },
    { url = "https://files.pythonhosted.org/packages/45/37/0544bc21dde2a88f3a17b504e6fc79c0e01d25a33c2f6079724e9e72b9c7/lxml-6.1.1-cp313-cp313-musllinux_1_2_riscv64.whl", hash = "sha256:d49514be2f28d895c38cf9d2b72d7b9a07d00314519f456c0b50b53cfcf4c785", size = 5223987, upload-time = "2026-05-18T19:18:59.715Z" },
    { url = "https://files.pythonhosted.org/packages/4d/f8/f6a5e8185bcb28c2befae3d31f8e3df3b811cb0f47746517a81279fcafe1/lxml-6.1.1-cp313-cp313-musllinux_1_2_x86_64.whl", hash = "sha256:47402e62c52ff5988c1e8c6c63177f5708bccf48e366dea4e3dcf1e645e04947", size = 5250276, upload-time = "2026-05-18T19:19:03.834Z" },
    { url = "https://files.pythonhosted.org/packages/c7/f2/1a2b9f1b7a49d45495369be7ef9ad05b262930f2eab3e3145706fca8083f/lxml-6.1.1-cp313-cp313-win32.whl", hash = "sha256:3483644525531e1d5762b0c44a8e18b6efba321b6dcf8a8952de10b037618bca", size = 3596903, upload-time = "2026-05-18T19:17:29.863Z" },
    { url = "https://files.pythonhosted.org/packages/e6/99/f4ffb024f238eec2131aaa09f3278fb6129cf892741bf68e1fc1afb8c100/lxml-6.1.1-cp313-cp313-win_amd64.whl", hash = "sha256:a10bd2fd62e8ce916ececb342f348f190724a098c1faa056fdfb2a22ad5e8660", size = 3995869, upload-time = "2026-05-18T19:18:02.596Z" },
    { url = "https://files.pythonhosted.org/packages/d1/53/70eb8c5c6037f27448f1e3c54ebede9545a801ae63f0a7254afca4fe8e45/lxml-6.1.1-cp313-cp313-win_arm64.whl", hash = "sha256:424aa57aca0897eb922aef34395bd1289b3b6f04e6bae20ea123c0c7e333cffc", size = 3658490, upload-time = "2026-05-19T19:22:53.846Z" },
]

[[package]]
name = "saxonche"
version = "12.9.0"
source = { registry = "https://pypi.org/simple" }
wheels = [
    { url = "https://files.pythonhosted.org/packages/5b/d1/0e7be7e94b5ec452d1f402f9d86328aa40144bc4a27189e65273d8440d22/saxonche-12.9.0-cp313-cp313-macosx_10_11_x86_64.whl", hash = "sha256:a67015038d4abb039a51b935af2e986a83138f9fe26c83f288e9727644bf83d7", size = 35768366, upload-time = "2025-09-12T16:01:38.1Z" },
    { url = "https://files.pythonhosted.org/packages/84/79/38e80d9d767aa37d2f001701fa7eb83c65a7dc675f7826823fb895e58fb8/saxonche-12.9.0-cp313-cp313-macosx_11_0_arm64.whl", hash = "sha256:baac3f9c0aceb6271d03a87005f6c531aabac23b1eae3eecb1dc65d7f8817e91", size = 34464112, upload-time = "2025-09-12T16:01:44.585Z" },
    { url = "https://files.pythonhosted.org/packages/e7/e9/45f581fc521e3302a5ee760d0e3f0f129407b93f741c153ecb0e45b70e9a/saxonche-12.9.0-cp313-cp313-manylinux_2_24_aarch64.whl", hash = "sha256:5b16a9e5ae78be24f83da6a2c5e698b59ca4de8f6880022f051351170b69f9d0", size = 37326614, upload-time = "2025-09-12T16:01:52.684Z" },
    { url = "https://files.pythonhosted.org/packages/7b/bd/48b757662a1fa07d91cf10c086df3f548f466f3fbf4731ed83418a4bdd53/saxonche-12.9.0-cp313-cp313-manylinux_2_24_x86_64.whl", hash = "sha256:b7d295ddeae3e7c355cf53035ec47a1db301a8b9bc917636f893b56a31a48187", size = 38270532, upload-time = "2025-09-12T16:02:01.547Z" },
    { url = "https://files.pythonhosted.org/packages/63/49/228d0abf4df7daeba86f77b512967d53dfaa4a0bc8c3500d7aa4630b9c3c/saxonche-12.9.0-cp313-cp313-win_amd64.whl", hash = "sha256:744fa6e4e0f76797f7c904ac639a25ba5ec36f59f20cbab8e0f2a04cacf97b57", size = 35232876, upload-time = "2025-09-12T16:02:09.782Z" },
]
